
Microsoft Visual Studio Solution File, Format Version 12.00
# Visual Studio Version 17
VisualStudioVersion = 17.4.33205.214
MinimumVisualStudioVersion = 10.0.40219.1
Project("{FAE04EC0-301F-11D3-BF4B-00C04F79EFBC}") = "SwordLMS.Web", "SwordLMS.Web.csproj", "{5627C341-A4B7-48DD-9900-83D29C5A1D0B}"
EndProject
Global
	GlobalSection(SolutionConfigurationPlatforms) = preSolution
		Debug|Any CPU = Debug|Any CPU
		Release|Any CPU = Release|Any CPU
	EndGlobalSection
	GlobalSection(ProjectConfigurationPlatforms) = postSolution
		{5627C341-A4B7-48DD-9900-83D29C5A1D0B}.Debug|Any CPU.ActiveCfg = Debug|Any CPU
		{5627C341-A4B7-48DD-9900-83D29C5A1D0B}.Debug|Any CPU.Build.0 = Debug|Any CPU
		{5627C341-A4B7-48DD-9900-83D29C5A1D0B}.Release|Any CPU.ActiveCfg = Release|Any CPU
		{5627C341-A4B7-48DD-9900-83D29C5A1D0B}.Release|Any CPU.Build.0 = Release|Any CPU
	EndGlobalSection
	GlobalSection(SolutionProperties) = preSolution
		HideSolutionNode = FALSE
	EndGlobalSection
	GlobalSection(ExtensibilityGlobals) = postSolution
		SolutionGuid = {D69ACE64-D63D-4A15-BEA8-1FAE23E9D25A}
	EndGlobalSection
EndGlobal
